
Microsoft Visual Studio Solution File, Format Version 12.00
# Visual Studio Version 16
VisualStudioVersion = 16.0.29920.165
MinimumVisualStudioVersion = 10.0.40219.1
Project("{FAE04EC0-301F-11D3-BF4B-00C04F79EFBC}") = "Copy", "Copy.csproj", "{EDC880B0-2354-4E82-8BEF-4346BC69BC94}"
EndProject
Project("{54435603-DBB4-11D2-8724-00A0C9A8B90C}") = "Extractor", "Extractor\Extractor.vdproj", "{A7927FFD-6487-4051-A60B-7FD17B6AE45A}"
EndProject
Global
	GlobalSection(SolutionConfigurationPlatforms) = preSolution
		Debug|Any CPU = Debug|Any CPU
		Debug|ARM = Debug|ARM
		Debug|ARM64 = Debug|ARM64
		Debug|x64 = Debug|x64
		Debug|x86 = Debug|x86
		Release|Any CPU = Release|Any CPU
		Release|ARM = Release|ARM
		Release|ARM64 = Release|ARM64
		Release|x64 = Release|x64
		Release|x86 = Release|x86
	EndGlobalSection
	GlobalSection(ProjectConfigurationPlatforms) = postSolution
		{EDC880B0-2354-4E82-8BEF-4346BC69BC94}.Debug|Any CPU.ActiveCfg = Debug|Any CPU
		{EDC880B0-2354-4E82-8BEF-4346BC69BC94}.Debug|Any CPU.Build.0 = Debug|Any CPU
		{EDC880B0-2354-4E82-8BEF-4346BC69BC94}.Debug|ARM.ActiveCfg = Debug|Any CPU
		{EDC880B0-2354-4E82-8BEF-4346BC69BC94}.Debug|ARM.Build.0 = Debug|Any CPU
		{EDC880B0-2354-4E82-8BEF-4346BC69BC94}.Debug|ARM64.ActiveCfg = Debug|Any CPU
		{EDC880B0-2354-4E82-8BEF-4346BC69BC94}.Debug|ARM64.Build.0 = Debug|Any CPU
		{EDC880B0-2354-4E82-8BEF-4346BC69BC94}.Debug|x64.ActiveCfg = Debug|Any CPU
		{EDC880B0-2354-4E82-8BEF-4346BC69BC94}.Debug|x64.Build.0 = Debug|Any CPU
		{EDC880B0-2354-4E82-8BEF-4346BC69BC94}.Debug|x86.ActiveCfg = Debug|Any CPU
		{EDC880B0-2354-4E82-8BEF-4346BC69BC94}.Debug|x86.Build.0 = Debug|Any CPU
		{EDC880B0-2354-4E82-8BEF-4346BC69BC94}.Release|Any CPU.ActiveCfg = Release|Any CPU
		{EDC880B0-2354-4E82-8BEF-4346BC69BC94}.Release|Any CPU.Build.0 = Release|Any CPU
		{EDC880B0-2354-4E82-8BEF-4346BC69BC94}.Release|ARM.ActiveCfg = Release|Any CPU
		{EDC880B0-2354-4E82-8BEF-4346BC69BC94}.Release|ARM.Build.0 = Release|Any CPU
		{EDC880B0-2354-4E82-8BEF-4346BC69BC94}.Release|ARM64.ActiveCfg = Release|Any CPU
		{EDC880B0-2354-4E82-8BEF-4346BC69BC94}.Release|ARM64.Build.0 = Release|Any CPU
		{EDC880B0-2354-4E82-8BEF-4346BC69BC94}.Release|x64.ActiveCfg = Release|Any CPU
		{EDC880B0-2354-4E82-8BEF-4346BC69BC94}.Release|x64.Build.0 = Release|Any CPU
		{EDC880B0-2354-4E82-8BEF-4346BC69BC94}.Release|x86.ActiveCfg = Release|Any CPU
		{EDC880B0-2354-4E82-8BEF-4346BC69BC94}.Release|x86.Build.0 = Release|Any CPU
		{A7927FFD-6487-4051-A60B-7FD17B6AE45A}.Debug|Any CPU.ActiveCfg = Debug
		{A7927FFD-6487-4051-A60B-7FD17B6AE45A}.Debug|ARM.ActiveCfg = Debug
		{A7927FFD-6487-4051-A60B-7FD17B6AE45A}.Debug|ARM.Build.0 = Debug
		{A7927FFD-6487-4051-A60B-7FD17B6AE45A}.Debug|ARM64.ActiveCfg = Debug
		{A7927FFD-6487-4051-A60B-7FD17B6AE45A}.Debug|ARM64.Build.0 = Debug
		{A7927FFD-6487-4051-A60B-7FD17B6AE45A}.Debug|x64.ActiveCfg = Debug
		{A7927FFD-6487-4051-A60B-7FD17B6AE45A}.Debug|x64.Build.0 = Debug
		{A7927FFD-6487-4051-A60B-7FD17B6AE45A}.Debug|x86.ActiveCfg = Debug
		{A7927FFD-6487-4051-A60B-7FD17B6AE45A}.Debug|x86.Build.0 = Debug
		{A7927FFD-6487-4051-A60B-7FD17B6AE45A}.Release|Any CPU.ActiveCfg = Release
		{A7927FFD-6487-4051-A60B-7FD17B6AE45A}.Release|ARM.ActiveCfg = Release
		{A7927FFD-6487-4051-A60B-7FD17B6AE45A}.Release|ARM.Build.0 = Release
		{A7927FFD-6487-4051-A60B-7FD17B6AE45A}.Release|ARM64.ActiveCfg = Release
		{A7927FFD-6487-4051-A60B-7FD17B6AE45A}.Release|ARM64.Build.0 = Release
		{A7927FFD-6487-4051-A60B-7FD17B6AE45A}.Release|x64.ActiveCfg = Release
		{A7927FFD-6487-4051-A60B-7FD17B6AE45A}.Release|x64.Build.0 = Release
		{A7927FFD-6487-4051-A60B-7FD17B6AE45A}.Release|x86.ActiveCfg = Release
		{A7927FFD-6487-4051-A60B-7FD17B6AE45A}.Release|x86.Build.0 = Release
	EndGlobalSection
	GlobalSection(SolutionProperties) = preSolution
		HideSolutionNode = FALSE
	EndGlobalSection
	GlobalSection(ExtensibilityGlobals) = postSolution
		SolutionGuid = {A281B102-B55E-4597-8E02-034AA80C447B}
	EndGlobalSection
EndGlobal
